// !$*UTF8*$!
{
	archiveVersion = 1;
	classes = {
	};
	objectVersion = 50;
	objects = {

/* Begin PBXBuildFile section */
		3175F63A2168747E0046CFFD /* AppDelegate.swift in Sources */ = {isa = PBXBuildFile; fileRef = 3175F6392168747E0046CFFD /* AppDelegate.swift */; };
		3175F6412168747F0046CFFD /* Assets.xcassets in Resources */ = {isa = PBXBuildFile; fileRef = 3175F6402168747F0046CFFD /* Assets.xcassets */; };
		3175F6442168747F0046CFFD /* LaunchScreen.storyboard in Resources */ = {isa = PBXBuildFile; fileRef = 3175F6422168747F0046CFFD /* LaunchScreen.storyboard */; };
		3175F650216875350046CFFD /* Img.swift in Sources */ = {isa = PBXBuildFile; fileRef = 3175F64B216875340046CFFD /* Img.swift */; };
		3175F651216875350046CFFD /* ImageItemCell.swift in Sources */ = {isa = PBXBuildFile; fileRef = 3175F64C216875340046CFFD /* ImageItemCell.swift */; };
		3175F652216875350046CFFD /* ViewController.swift in Sources */ = {isa = PBXBuildFile; fileRef = 3175F64D216875340046CFFD /* ViewController.swift */; };
		3175F653216875350046CFFD /* ViewModel.swift in Sources */ = {isa = PBXBuildFile; fileRef = 3175F64E216875340046CFFD /* ViewModel.swift */; };
		3175F654216875350046CFFD /* Main.storyboard in Resources */ = {isa = PBXBuildFile; fileRef = 3175F64F216875350046CFFD /* Main.storyboard */; };
		3175F656216875E20046CFFD /* MBProgressHUD+Rx.swift in Sources */ = {isa = PBXBuildFile; fileRef = 3175F655216875E20046CFFD /* MBProgressHUD+Rx.swift */; };
		3175F658216877420046CFFD /* Constants.swift in Sources */ = {isa = PBXBuildFile; fileRef = 3175F657216877420046CFFD /* Constants.swift */; };
		35AE2CA631AB83958ADB35D9 /* Pods_YahooImageSearchAction.framework in Frameworks */ = {isa = PBXBuildFile; fileRef = 8A8FA2FC21A804472B714342 /* Pods_YahooImageSearchAction.framework */; };
/* End PBXBuildFile section */

/* Begin PBXFileReference section */
		17C17DEFF328FA78729D47FC /* Pods-YahooImageSearchAction.release.xcconfig */ = {isa = PBXFileReference; includeInIndex = 1; lastKnownFileType = text.xcconfig; name = "Pods-YahooImageSearchAction.release.xcconfig"; path = "Pods/Target Support Files/Pods-YahooImageSearchAction/Pods-YahooImageSearchAction.release.xcconfig"; sourceTree = "<group>"; };
		3175F6362168747E0046CFFD /* YahooImageSearchAction.app */ = {isa = PBXFileReference; explicitFileType = wrapper.application; includeInIndex = 0; path = YahooImageSearchAction.app; sourceTree = BUILT_PRODUCTS_DIR; };
		3175F6392168747E0046CFFD /* AppDelegate.swift */ = {isa = PBXFileReference; lastKnownFileType = sourcecode.swift; path = AppDelegate.swift; sourceTree = "<group>"; };
		3175F6402168747F0046CFFD /* Assets.xcassets */ = {isa = PBXFileReference; lastKnownFileType = folder.assetcatalog; path = Assets.xcassets; sourceTree = "<group>"; };
		3175F6432168747F0046CFFD /* Base */ = {isa = PBXFileReference; lastKnownFileType = file.storyboard; name = Base; path = Base.lproj/LaunchScreen.storyboard; sourceTree = "<group>"; };
		3175F6452168747F0046CFFD /* Info.plist */ = {isa = PBXFileReference; lastKnownFileType = text.plist.xml; path = Info.plist; sourceTree = "<group>"; };
		3175F64B216875340046CFFD /* Img.swift */ = {isa = PBXFileReference; fileEncoding = 4; lastKnownFileType = sourcecode.swift; path = Img.swift; sourceTree = "<group>"; };
		3175F64C216875340046CFFD /* ImageItemCell.swift */ = {isa = PBXFileReference; fileEncoding = 4; lastKnownFileType = sourcecode.swift; path = ImageItemCell.swift; sourceTree = "<group>"; };
		3175F64D216875340046CFFD /* ViewController.swift */ = {isa = PBXFileReference; fileEncoding = 4; lastKnownFileType = sourcecode.swift; path = ViewController.swift; sourceTree = "<group>"; };
		3175F64E216875340046CFFD /* ViewModel.swift */ = {isa = PBXFileReference; fileEncoding = 4; lastKnownFileType = sourcecode.swift; path = ViewModel.swift; sourceTree = "<group>"; };
		3175F64F216875350046CFFD /* Main.storyboard */ = {isa = PBXFileReference; fileEncoding = 4; lastKnownFileType = file.storyboard; path = Main.storyboard; sourceTree = "<group>"; };
		3175F655216875E20046CFFD /* MBProgressHUD+Rx.swift */ = {isa = PBXFileReference; fileEncoding = 4; lastKnownFileType = sourcecode.swift; path = "MBProgressHUD+Rx.swift"; sourceTree = "<group>"; };
		3175F657216877420046CFFD /* Constants.swift */ = {isa = PBXFileReference; lastKnownFileType = sourcecode.swift; path = Constants.swift; sourceTree = "<group>"; };
		8A8FA2FC21A804472B714342 /* Pods_YahooImageSearchAction.framework */ = {isa = PBXFileReference; explicitFileType = wrapper.framework; includeInIndex = 0; path = Pods_YahooImageSearchAction.framework; sourceTree = BUILT_PRODUCTS_DIR; };
		AC8316A114524FEF165DD65B /* Pods-YahooImageSearchAction.debug.xcconfig */ = {isa = PBXFileReference; includeInIndex = 1; lastKnownFileType = text.xcconfig; name = "Pods-YahooImageSearchAction.debug.xcconfig"; path = "Pods/Target Support Files/Pods-YahooImageSearchAction/Pods-YahooImageSearchAction.debug.xcconfig"; sourceTree = "<group>"; };
/* End PBXFileReference section */

/* Begin PBXFrameworksBuildPhase section */
		3175F6332168747E0046CFFD /* Frameworks */ = {
			isa = PBXFrameworksBuildPhase;
			buildActionMask = 2147483647;
			files = (
				35AE2CA631AB83958ADB35D9 /* Pods_YahooImageSearchAction.framework in Frameworks */,
			);
			runOnlyForDeploymentPostprocessing = 0;
		};
/* End PBXFrameworksBuildPhase section */

/* Begin PBXGroup section */
		3175F62D2168747E0046CFFD = {
			isa = PBXGroup;
			children = (
				3175F6382168747E0046CFFD /* YahooImageSearchAction */,
				3175F6372168747E0046CFFD /* Products */,
				B56D0D247FB885D0388576C0 /* Pods */,
				DD39C87AE42B2B223C314A1B /* Frameworks */,
			);
			sourceTree = "<group>";
		};
		3175F6372168747E0046CFFD /* Products */ = {
			isa = PBXGroup;
			children = (
				3175F6362168747E0046CFFD /* YahooImageSearchAction.app */,
			);
			name = Products;
			sourceTree = "<group>";
		};
		3175F6382168747E0046CFFD /* YahooImageSearchAction */ = {
			isa = PBXGroup;
			children = (
				3175F6392168747E0046CFFD /* AppDelegate.swift */,
				3175F64C216875340046CFFD /* ImageItemCell.swift */,
				3175F64B216875340046CFFD /* Img.swift */,
				3175F64F216875350046CFFD /* Main.storyboard */,
				3175F64D216875340046CFFD /* ViewController.swift */,
				3175F64E216875340046CFFD /* ViewModel.swift */,
				3175F655216875E20046CFFD /* MBProgressHUD+Rx.swift */,
				3175F657216877420046CFFD /* Constants.swift */,
				3175F6402168747F0046CFFD /* Assets.xcassets */,
				3175F6422168747F0046CFFD /* LaunchScreen.storyboard */,
				3175F6452168747F0046CFFD /* Info.plist */,
			);
			path = YahooImageSearchAction;
			sourceTree = "<group>";
		};
		B56D0D247FB885D0388576C0 /* Pods */ = {
			isa = PBXGroup;
			children = (
				AC8316A114524FEF165DD65B /* Pods-YahooImageSearchAction.debug.xcconfig */,
				17C17DEFF328FA78729D47FC /* Pods-YahooImageSearchAction.release.xcconfig */,
			);
			name = Pods;
			sourceTree = "<group>";
		};
		DD39C87AE42B2B223C314A1B /* Frameworks */ = {
			isa = PBXGroup;
			children = (
				8A8FA2FC21A804472B714342 /* Pods_YahooImageSearchAction.framework */,
			);
			name = Frameworks;
			sourceTree = "<group>";
		};
/* End PBXGroup section */

/* Begin PBXNativeTarget section */
		3175F6352168747E0046CFFD /* YahooImageSearchAction */ = {
			isa = PBXNativeTarget;
			buildConfigurationList = 3175F6482168747F0046CFFD /* Build configuration list for PBXNativeTarget "YahooImageSearchAction" */;
			buildPhases = (
				64BE76E6352878EE9FF149E7 /* [CP] Check Pods Manifest.lock */,
				3175F6322168747E0046CFFD /* Sources */,
				3175F6332168747E0046CFFD /* Frameworks */,
				3175F6342168747E0046CFFD /* Resources */,
				F2AE3D3C7DF551E2B5668407 /* [CP] Embed Pods Frameworks */,
			);
			buildRules = (
			);
			dependencies = (
			);
			name = YahooImageSearchAction;
			productName = YahooImageSearchAction;
			productReference = 3175F6362168747E0046CFFD /* YahooImageSearchAction.app */;
			productType = "com.apple.product-type.application";
		};
/* End PBXNativeTarget section */

/* Begin PBXProject section */
		3175F62E2168747E0046CFFD /* Project object */ = {
			isa = PBXProject;
			attributes = {
				LastSwiftUpdateCheck = 1000;
				LastUpgradeCheck = 1000;
				ORGANIZATIONNAME = cano;
				TargetAttributes = {
					3175F6352168747E0046CFFD = {
						CreatedOnToolsVersion = 10.0;
					};
				};
			};
			buildConfigurationList = 3175F6312168747E0046CFFD /* Build configuration list for PBXProject "YahooImageSearchAction" */;
			compatibilityVersion = "Xcode 9.3";
			developmentRegion = en;
			hasScannedForEncodings = 0;
			knownRegions = (
				en,
				Base,
			);
			mainGroup = 3175F62D2168747E0046CFFD;
			productRefGroup = 3175F6372168747E0046CFFD /* Products */;
			projectDirPath = "";
			projectRoot = "";
			targets = (
				3175F6352168747E0046CFFD /* YahooImageSearchAction */,
			);
		};
/* End PBXProject section */

/* Begin PBXResourcesBuildPhase section */
		3175F6342168747E0046CFFD /* Resources */ = {
			isa = PBXResourcesBuildPhase;
			buildActionMask = 2147483647;
			files = (
				3175F654216875350046CFFD /* Main.storyboard in Resources */,
				3175F6442168747F0046CFFD /* LaunchScreen.storyboard in Resources */,
				3175F6412168747F0046CFFD /* Assets.xcassets in Resources */,
			);
			runOnlyForDeploymentPostprocessing = 0;
		};
/* End PBXResourcesBuildPhase section */

/* Begin PBXShellScriptBuildPhase section */
		64BE76E6352878EE9FF149E7 /* [CP] Check Pods Manifest.lock */ = {
			isa = PBXShellScriptBuildPhase;
			buildActionMask = 2147483647;
			files = (
			);
			inputFileListPaths = (
			);
			inputPaths = (
				"${PODS_PODFILE_DIR_PATH}/Podfile.lock",
				"${PODS_ROOT}/Manifest.lock",
			);
			name = "[CP] Check Pods Manifest.lock";
			outputFileListPaths = (
			);
			outputPaths = (
				"$(DERIVED_FILE_DIR)/Pods-YahooImageSearchAction-checkManifestLockResult.txt",
			);
			runOnlyForDeploymentPostprocessing = 0;
			shellPath = /bin/sh;
			shellScript = "diff \"${PODS_PODFILE_DIR_PATH}/Podfile.lock\" \"${PODS_ROOT}/Manifest.lock\" > /dev/null\nif [ $? != 0 ] ; then\n    # print error to STDERR\n    echo \"error: The sandbox is not in sync with the Podfile.lock. Run 'pod install' or update your CocoaPods installation.\" >&2\n    exit 1\nfi\n# This output is used by Xcode 'outputs' to avoid re-running this script phase.\necho \"SUCCESS\" > \"${SCRIPT_OUTPUT_FILE_0}\"\n";
			showEnvVarsInLog = 0;
		};
		F2AE3D3C7DF551E2B5668407 /* [CP] Embed Pods Frameworks */ = {
			isa = PBXShellScriptBuildPhase;
			buildActionMask = 2147483647;
			files = (
			);
			inputFileListPaths = (
				"${PODS_ROOT}/Target Support Files/Pods-YahooImageSearchAction/Pods-YahooImageSearchAction-frameworks-${CONFIGURATION}-input-files.xcfilelist",
			);
			name = "[CP] Embed Pods Frameworks";
			outputFileListPaths = (
				"${PODS_ROOT}/Target Support Files/Pods-YahooImageSearchAction/Pods-YahooImageSearchAction-frameworks-${CONFIGURATION}-output-files.xcfilelist",
			);
			runOnlyForDeploymentPostprocessing = 0;
			shellPath = /bin/sh;
			shellScript = "\"${PODS_ROOT}/Target Support Files/Pods-YahooImageSearchAction/Pods-YahooImageSearchAction-frameworks.sh\"\n";
			showEnvVarsInLog = 0;
		};
/* End PBXShellScriptBuildPhase section */

/* Begin PBXSourcesBuildPhase section */
		3175F6322168747E0046CFFD /* Sources */ = {
			isa = PBXSourcesBuildPhase;
			buildActionMask = 2147483647;
			files = (
				3175F653216875350046CFFD /* ViewModel.swift in Sources */,
				3175F63A2168747E0046CFFD /* AppDelegate.swift in Sources */,
				3175F650216875350046CFFD /* Img.swift in Sources */,
				3175F652216875350046CFFD /* ViewController.swift in Sources */,
				3175F658216877420046CFFD /* Constants.swift in Sources */,
				3175F651216875350046CFFD /* ImageItemCell.swift in Sources */,
				3175F656216875E20046CFFD /* MBProgressHUD+Rx.swift in Sources */,
			);
			runOnlyForDeploymentPostprocessing = 0;
		};
/* End PBXSourcesBuildPhase section */

/* Begin PBXVariantGroup section */
		3175F6422168747F0046CFFD /* LaunchScreen.storyboard */ = {
			isa = PBXVariantGroup;
			children = (
				3175F6432168747F0046CFFD /* Base */,
			);
			name = LaunchScreen.storyboard;
			sourceTree = "<group>";
		};
/* End PBXVariantGroup section */

/* Begin XCBuildConfiguration section */
		3175F6462168747F0046CFFD /* Debug */ = {
			isa = XCBuildConfiguration;
			buildSettings = {
				ALWAYS_SEARCH_USER_PATHS = NO;
				CLANG_ANALYZER_NONNULL = YES;
				CLANG_ANALYZER_NUMBER_OBJECT_CONVERSION = YES_AGGRESSIVE;
				CLANG_CXX_LANGUAGE_STANDARD = "gnu++14";
				CLANG_CXX_LIBRARY = "libc++";
				CLANG_ENABLE_MODULES = YES;
				CLANG_ENABLE_OBJC_ARC = YES;
				CLANG_ENABLE_OBJC_WEAK = YES;
				CLANG_WARN_BLOCK_CAPTURE_AUTORELEASING = YES;
				CLANG_WARN_BOOL_CONVERSION = YES;
				CLANG_WARN_COMMA = YES;
				CLANG_WARN_CONSTANT_CONVERSION = YES;
				CLANG_WARN_DEPRECATED_OBJC_IMPLEMENTATIONS = YES;
				CLANG_WARN_DIRECT_OBJC_ISA_USAGE = YES_ERROR;
				CLANG_WARN_DOCUMENTATION_COMMENTS = YES;
				CLANG_WARN_EMPTY_BODY = YES;
				CLANG_WARN_ENUM_CONVERSION = YES;
				CLANG_WARN_INFINITE_RECURSION = YES;
				CLANG_WARN_INT_CONVERSION = YES;
				CLANG_WARN_NON_LITERAL_NULL_CONVERSION = YES;
				CLANG_WARN_OBJC_IMPLICIT_RETAIN_SELF = YES;
				CLANG_WARN_OBJC_LITERAL_CONVERSION = YES;
				CLANG_WARN_OBJC_ROOT_CLASS = YES_ERROR;
				CLANG_WARN_RANGE_LOOP_ANALYSIS = YES;
				CLANG_WARN_STRICT_PROTOTYPES = YES;
				CLANG_WARN_SUSPICIOUS_MOVE = YES;
				CLANG_WARN_UNGUARDED_AVAILABILITY = YES_AGGRESSIVE;
				CLANG_WARN_UNREACHABLE_CODE = YES;
				CLANG_WARN__DUPLICATE_METHOD_MATCH = YES;
				CODE_SIGN_IDENTITY = "iPhone Developer";
				COPY_PHASE_STRIP = NO;
				DEBUG_INFORMATION_FORMAT = dwarf;
				ENABLE_STRICT_OBJC_MSGSEND = YES;
				ENABLE_TESTABILITY = YES;
				GCC_C_LANGUAGE_STANDARD = gnu11;
				GCC_DYNAMIC_NO_PIC = NO;
				GCC_NO_COMMON_BLOCKS = YES;
				GCC_OPTIMIZATION_LEVEL = 0;
				GCC_PREPROCESSOR_DEFINITIONS = (
					"DEBUG=1",
					"$(inherited)",
				);
				GCC_WARN_64_TO_32_BIT_CONVERSION = YES;
				GCC_WARN_ABOUT_RETURN_TYPE = YES_ERROR;
				GCC_WARN_UNDECLARED_SELECTOR = YES;
				GCC_WARN_UNINITIALIZED_AUTOS = YES_AGGRESSIVE;
				GCC_WARN_UNUSED_FUNCTION = YES;
				GCC_WARN_UNUSED_VARIABLE = YES;
				IPHONEOS_DEPLOYMENT_TARGET = 12.0;
				MTL_ENABLE_DEBUG_INFO = INCLUDE_SOURCE;
				MTL_FAST_MATH = YES;
				ONLY_ACTIVE_ARCH = YES;
				SDKROOT = iphoneos;
				SWIFT_ACTIVE_COMPILATION_CONDITIONS = DEBUG;
				SWIFT_OPTIMIZATION_LEVEL = "-Onone";
			};
			name = Debug;
		};
		3175F6472168747F0046CFFD /* Release */ = {
			isa = XCBuildConfiguration;
			buildSettings = {
				ALWAYS_SEARCH_USER_PATHS = NO;
				CLANG_ANALYZER_NONNULL = YES;
				CLANG_ANALYZER_NUMBER_OBJECT_CONVERSION = YES_AGGRESSIVE;
				CLANG_CXX_LANGUAGE_STANDARD = "gnu++14";
				CLANG_CXX_LIBRARY = "libc++";
				CLANG_ENABLE_MODULES = YES;
				CLANG_ENABLE_OBJC_ARC = YES;
				CLANG_ENABLE_OBJC_WEAK = YES;
				CLANG_WARN_BLOCK_CAPTURE_AUTORELEASING = YES;
				CLANG_WARN_BOOL_CONVERSION = YES;
				CLANG_WARN_COMMA = YES;
				CLANG_WARN_CONSTANT_CONVERSION = YES;
				CLANG_WARN_DEPRECATED_OBJC_IMPLEMENTATIONS = YES;
				CLANG_WARN_DIRECT_OBJC_ISA_USAGE = YES_ERROR;
				CLANG_WARN_DOCUMENTATION_COMMENTS = YES;
				CLANG_WARN_EMPTY_BODY = YES;
				CLANG_WARN_ENUM_CONVERSION = YES;
				CLANG_WARN_INFINITE_RECURSION = YES;
				CLANG_WARN_INT_CONVERSION = YES;
				CLANG_WARN_NON_LITERAL_NULL_CONVERSION = YES;
				CLANG_WARN_OBJC_IMPLICIT_RETAIN_SELF = YES;
				CLANG_WARN_OBJC_LITERAL_CONVERSION = YES;
				CLANG_WARN_OBJC_ROOT_CLASS = YES_ERROR;
				CLANG_WARN_RANGE_LOOP_ANALYSIS = YES;
				CLANG_WARN_STRICT_PROTOTYPES = YES;
				CLANG_WARN_SUSPICIOUS_MOVE = YES;
				CLANG_WARN_UNGUARDED_AVAILABILITY = YES_AGGRESSIVE;
				CLANG_WARN_UNREACHABLE_CODE = YES;
				CLANG_WARN__DUPLICATE_METHOD_MATCH = YES;
				CODE_SIGN_IDENTITY = "iPhone Developer";
				COPY_PHASE_STRIP = NO;
				DEBUG_INFORMATION_FORMAT = "dwarf-with-dsym";
				ENABLE_NS_ASSERTIONS = NO;
				ENABLE_STRICT_OBJC_MSGSEND = YES;
				GCC_C_LANGUAGE_STANDARD = gnu11;
				GCC_NO_COMMON_BLOCKS = YES;
				GCC_WARN_64_TO_32_BIT_CONVERSION = YES;
				GCC_WARN_ABOUT_RETURN_TYPE = YES_ERROR;
				GCC_WARN_UNDECLARED_SELECTOR = YES;
				GCC_WARN_UNINITIALIZED_AUTOS = YES_AGGRESSIVE;
				GCC_WARN_UNUSED_FUNCTION = YES;
				GCC_WARN_UNUSED_VARIABLE = YES;
				IPHONEOS_DEPLOYMENT_TARGET = 12.0;
				MTL_ENABLE_DEBUG_INFO = NO;
				MTL_FAST_MATH = YES;
				SDKROOT = iphoneos;
				SWIFT_COMPILATION_MODE = wholemodule;
				SWIFT_OPTIMIZATION_LEVEL = "-O";
				VALIDATE_PRODUCT = YES;
			};
			name = Release;
		};
		3175F6492168747F0046CFFD /* Debug */ = {
			isa = XCBuildConfiguration;
			baseConfigurationReference = AC8316A114524FEF165DD65B /* Pods-YahooImageSearchAction.debug.xcconfig */;
			buildSettings = {
				ASSETCATALOG_COMPILER_APPICON_NAME = AppIcon;
				CODE_SIGN_STYLE = Automatic;
				DEVELOPMENT_TEAM = U5LW6HVD99;
				INFOPLIST_FILE = YahooImageSearchAction/Info.plist;
				LD_RUNPATH_SEARCH_PATHS = (
					"$(inherited)",
					"@executable_path/Frameworks",
				);
				PRODUCT_BUNDLE_IDENTIFIER = deskplate.YahooImageSearchAction;
				PRODUCT_NAME = "$(TARGET_NAME)";
				SWIFT_VERSION = 4.2;
				TARGETED_DEVICE_FAMILY = "1,2";
			};
			name = Debug;
		};
		3175F64A2168747F0046CFFD /* Release */ = {
			isa = XCBuildConfiguration;
			baseConfigurationReference = 17C17DEFF328FA78729D47FC /* Pods-YahooImageSearchAction.release.xcconfig */;
			buildSettings = {
				ASSETCATALOG_COMPILER_APPICON_NAME = AppIcon;
				CODE_SIGN_STYLE = Automatic;
				DEVELOPMENT_TEAM = U5LW6HVD99;
				INFOPLIST_FILE = YahooImageSearchAction/Info.plist;
				LD_RUNPATH_SEARCH_PATHS = (
					"$(inherited)",
					"@executable_path/Frameworks",
				);
				PRODUCT_BUNDLE_IDENTIFIER = deskplate.YahooImageSearchAction;
				PRODUCT_NAME = "$(TARGET_NAME)";
				SWIFT_VERSION = 4.2;
				TARGETED_DEVICE_FAMILY = "1,2";
			};
			name = Release;
		};
/* End XCBuildConfiguration section */

/* Begin XCConfigurationList section */
		3175F6312168747E0046CFFD /* Build configuration list for PBXProject "YahooImageSearchAction" */ = {
			isa = XCConfigurationList;
			buildConfigurations = (
				3175F6462168747F0046CFFD /* Debug */,
				3175F6472168747F0046CFFD /* Release */,
			);
			defaultConfigurationIsVisible = 0;
			defaultConfigurationName = Release;
		};
		3175F6482168747F0046CFFD /* Build configuration list for PBXNativeTarget "YahooImageSearchAction" */ = {
			isa = XCConfigurationList;
			buildConfigurations = (
				3175F6492168747F0046CFFD /* Debug */,
				3175F64A2168747F0046CFFD /* Release */,
			);
			defaultConfigurationIsVisible = 0;
			defaultConfigurationName = Release;
		};
/* End XCConfigurationList section */
	};
	rootObject = 3175F62E2168747E0046CFFD /* Project object */;
}
